// !$*UTF8*$!
{
	archiveVersion = 1;
	classes = {
	};
	objectVersion = 46;
	objects = {

/* Begin PBXBuildFile section */
		0A082C591C86BCE600A63C5B /* LoginViewController.m in Sources */ = {isa = PBXBuildFile; fileRef = 0A082C571C86BCE600A63C5B /* LoginViewController.m */; };
		0A082C5A1C86BCE600A63C5B /* LoginViewController.xib in Resources */ = {isa = PBXBuildFile; fileRef = 0A082C581C86BCE600A63C5B /* LoginViewController.xib */; };
		0A082C5C1C86BEFF00A63C5B /* cuitPNG.png in Resources */ = {isa = PBXBuildFile; fileRef = 0A082C5B1C86BEFF00A63C5B /* cuitPNG.png */; };
		0A23DF641CB8A72200BCDAC2 /* SetPassWordViewController.m in Sources */ = {isa = PBXBuildFile; fileRef = 0A23DF621CB8A72200BCDAC2 /* SetPassWordViewController.m */; };
		0A23DF651CB8A72200BCDAC2 /* SetPassWordViewController.xib in Resources */ = {isa = PBXBuildFile; fileRef = 0A23DF631CB8A72200BCDAC2 /* SetPassWordViewController.xib */; };
		0A8E15391C8A9E26005200AB /* UIScrollView+SVInfiniteScrolling.m in Sources */ = {isa = PBXBuildFile; fileRef = 0A8E15361C8A9E26005200AB /* UIScrollView+SVInfiniteScrolling.m */; };
		0A8E153A1C8A9E26005200AB /* UIScrollView+SVPullToRefresh.m in Sources */ = {isa = PBXBuildFile; fileRef = 0A8E15381C8A9E26005200AB /* UIScrollView+SVPullToRefresh.m */; };
		0A8E153D1C8A9E50005200AB /* MBProgressHUD.m in Sources */ = {isa = PBXBuildFile; fileRef = 0A8E153C1C8A9E50005200AB /* MBProgressHUD.m */; };
		0A8E15421C8A9F59005200AB /* ChoiceCourseViewController.m in Sources */ = {isa = PBXBuildFile; fileRef = 0A8E15401C8A9F59005200AB /* ChoiceCourseViewController.m */; };
		0A8E15431C8A9F59005200AB /* ChoiceCourseViewController.xib in Resources */ = {isa = PBXBuildFile; fileRef = 0A8E15411C8A9F59005200AB /* ChoiceCourseViewController.xib */; };
		0A8E15471C8A9FCF005200AB /* CancelCourseViewController.m in Sources */ = {isa = PBXBuildFile; fileRef = 0A8E15451C8A9FCF005200AB /* CancelCourseViewController.m */; };
		0A8E15481C8A9FCF005200AB /* CancelCourseViewController.xib in Resources */ = {isa = PBXBuildFile; fileRef = 0A8E15461C8A9FCF005200AB /* CancelCourseViewController.xib */; };
		0A8E154D1C8AA02C005200AB /* PersonViewController.m in Sources */ = {isa = PBXBuildFile; fileRef = 0A8E154B1C8AA02C005200AB /* PersonViewController.m */; };
		0A8E154E1C8AA02C005200AB /* PersonViewController.xib in Resources */ = {isa = PBXBuildFile; fileRef = 0A8E154C1C8AA02C005200AB /* PersonViewController.xib */; };
		0AB6C0F21C75658B00BCC4A4 /* main.m in Sources */ = {isa = PBXBuildFile; fileRef = 0AB6C0F11C75658B00BCC4A4 /* main.m */; };
		0AB6C0F51C75658B00BCC4A4 /* AppDelegate.m in Sources */ = {isa = PBXBuildFile; fileRef = 0AB6C0F41C75658B00BCC4A4 /* AppDelegate.m */; };
		0AB6C0FD1C75658B00BCC4A4 /* Assets.xcassets in Resources */ = {isa = PBXBuildFile; fileRef = 0AB6C0FC1C75658B00BCC4A4 /* Assets.xcassets */; };
		0AB6C1001C75658B00BCC4A4 /* LaunchScreen.storyboard in Resources */ = {isa = PBXBuildFile; fileRef = 0AB6C0FE1C75658B00BCC4A4 /* LaunchScreen.storyboard */; };
		0AD6E2751CA7AD4C003541E2 /* SystemConfiguration.framework in Frameworks */ = {isa = PBXBuildFile; fileRef = 0AD6E2741CA7AD4C003541E2 /* SystemConfiguration.framework */; };
		0AD6E2781CA7AD87003541E2 /* Reachability.m in Sources */ = {isa = PBXBuildFile; fileRef = 0AD6E2771CA7AD87003541E2 /* Reachability.m */; };
		0AD912EC1CA79BFC0090B2BB /* PersonTableViewCell.m in Sources */ = {isa = PBXBuildFile; fileRef = 0AD912EA1CA79BFC0090B2BB /* PersonTableViewCell.m */; };
		0AD912ED1CA79BFC0090B2BB /* PersonTableViewCell.xib in Resources */ = {isa = PBXBuildFile; fileRef = 0AD912EB1CA79BFC0090B2BB /* PersonTableViewCell.xib */; };
		0AD912EF1CA79CD90090B2BB /* in.png in Resources */ = {isa = PBXBuildFile; fileRef = 0AD912EE1CA79CD90090B2BB /* in.png */; };
		C166721F1CBC893C000DAA6F /* CourseInfoView.m in Sources */ = {isa = PBXBuildFile; fileRef = C166721E1CBC893C000DAA6F /* CourseInfoView.m */; };
		C16672211CBC895B000DAA6F /* CourseInfoView.xib in Resources */ = {isa = PBXBuildFile; fileRef = C16672201CBC895B000DAA6F /* CourseInfoView.xib */; };
		C17316091CBB3A4000915D5B /* YearClassVC.m in Sources */ = {isa = PBXBuildFile; fileRef = C17316071CBB3A4000915D5B /* YearClassVC.m */; };
		C173160A1CBB3A4000915D5B /* YearClassVC.xib in Resources */ = {isa = PBXBuildFile; fileRef = C17316081CBB3A4000915D5B /* YearClassVC.xib */; };
		C173160E1CBB438C00915D5B /* MajorViewController.m in Sources */ = {isa = PBXBuildFile; fileRef = C173160C1CBB438C00915D5B /* MajorViewController.m */; };
		C173160F1CBB438C00915D5B /* MajorViewController.xib in Resources */ = {isa = PBXBuildFile; fileRef = C173160D1CBB438C00915D5B /* MajorViewController.xib */; };
		C17316121CBB4E5000915D5B /* close@2x.png in Resources */ = {isa = PBXBuildFile; fileRef = C17316101CBB4E5000915D5B /* close@2x.png */; };
		C17316131CBB4E5000915D5B /* close@3x.png in Resources */ = {isa = PBXBuildFile; fileRef = C17316111CBB4E5000915D5B /* close@3x.png */; };
		C17316161CBB4ECE00915D5B /* left@2x.png in Resources */ = {isa = PBXBuildFile; fileRef = C17316141CBB4ECE00915D5B /* left@2x.png */; };
		C17316171CBB4ECE00915D5B /* left@3x.png in Resources */ = {isa = PBXBuildFile; fileRef = C17316151CBB4ECE00915D5B /* left@3x.png */; };
		C173161B1CBB538E00915D5B /* ClassViewController.m in Sources */ = {isa = PBXBuildFile; fileRef = C17316191CBB538E00915D5B /* ClassViewController.m */; };
		C173161C1CBB538E00915D5B /* ClassViewController.xib in Resources */ = {isa = PBXBuildFile; fileRef = C173161A1CBB538E00915D5B /* ClassViewController.xib */; };
		C17316201CBB57BA00915D5B /* CourseViewController.m in Sources */ = {isa = PBXBuildFile; fileRef = C173161E1CBB57BA00915D5B /* CourseViewController.m */; };
		C17316211CBB57BA00915D5B /* CourseViewController.xib in Resources */ = {isa = PBXBuildFile; fileRef = C173161F1CBB57BA00915D5B /* CourseViewController.xib */; };
		C17316251CBB8DEB00915D5B /* CourseInfoTableViewCell.m in Sources */ = {isa = PBXBuildFile; fileRef = C17316231CBB8DEB00915D5B /* CourseInfoTableViewCell.m */; };
		C17316261CBB8DEB00915D5B /* CourseInfoTableViewCell.xib in Resources */ = {isa = PBXBuildFile; fileRef = C17316241CBB8DEB00915D5B /* CourseInfoTableViewCell.xib */; };
		C184BE0E1CB739C800C844FF /* UserManager.m in Sources */ = {isa = PBXBuildFile; fileRef = C184BE0D1CB739C800C844FF /* UserManager.m */; };
		C184BE121CB742FC00C844FF /* SuperViewController.m in Sources */ = {isa = PBXBuildFile; fileRef = C184BE101CB742FC00C844FF /* SuperViewController.m */; };
		C184BE1D1CB7868800C844FF /* book@2x.png in Resources */ = {isa = PBXBuildFile; fileRef = C184BE1B1CB7868800C844FF /* book@2x.png */; };
		C184BE1E1CB7868800C844FF /* book@3x.png in Resources */ = {isa = PBXBuildFile; fileRef = C184BE1C1CB7868800C844FF /* book@3x.png */; };
		C184BE251CB788CF00C844FF /* person@2x.png in Resources */ = {isa = PBXBuildFile; fileRef = C184BE231CB788CF00C844FF /* person@2x.png */; };
		C184BE261CB788CF00C844FF /* person@3x.png in Resources */ = {isa = PBXBuildFile; fileRef = C184BE241CB788CF00C844FF /* person@3x.png */; };
		C184BE291CB789D400C844FF /* cancle@2x.png in Resources */ = {isa = PBXBuildFile; fileRef = C184BE271CB789D400C844FF /* cancle@2x.png */; };
		C184BE2A1CB789D400C844FF /* cancle@3x.png in Resources */ = {isa = PBXBuildFile; fileRef = C184BE281CB789D400C844FF /* cancle@3x.png */; };
		C184BE2D1CB798CE00C844FF /* PersonHeaderView.m in Sources */ = {isa = PBXBuildFile; fileRef = C184BE2C1CB798CE00C844FF /* PersonHeaderView.m */; };
		C184BE2F1CB798F200C844FF /* PersonHeaderView.xib in Resources */ = {isa = PBXBuildFile; fileRef = C184BE2E1CB798F200C844FF /* PersonHeaderView.xib */; };
		C1B1D3FC1CAE6BDB0022A23F /* AlertNotice.m in Sources */ = {isa = PBXBuildFile; fileRef = C1B1D3FB1CAE6BDB0022A23F /* AlertNotice.m */; };
		C1D4DFB91CB3483500F14071 /* NetHelper.m in Sources */ = {isa = PBXBuildFile; fileRef = C1D4DFB81CB3483500F14071 /* NetHelper.m */; };
		C1D4DFBC1CB3A4C700F14071 /* collegeModel.m in Sources */ = {isa = PBXBuildFile; fileRef = C1D4DFBB1CB3A4C700F14071 /* collegeModel.m */; };
		C1D4DFBF1CB3AA1D00F14071 /* CourseContent.m in Sources */ = {isa = PBXBuildFile; fileRef = C1D4DFBE1CB3AA1D00F14071 /* CourseContent.m */; };
		C1DBB63A1CB4F73400C478A7 /* SelectedViewController.m in Sources */ = {isa = PBXBuildFile; fileRef = C1DBB6391CB4F73400C478A7 /* SelectedViewController.m */; };
		C1DBB63D1CB50F0D00C478A7 /* CourseNameViewController.m in Sources */ = {isa = PBXBuildFile; fileRef = C1DBB63C1CB50F0D00C478A7 /* CourseNameViewController.m */; };
		FAEBB2359A989E2461BBAB37 /* libPods.a in Frameworks */ = {isa = PBXBuildFile; fileRef = 1AA4956B7BBF0171E834A703 /* libPods.a */; };
/* End PBXBuildFile section */

/* Begin PBXFileReference section */
		0A082C561C86BCE600A63C5B /* LoginViewController.h */ = {isa = PBXFileReference; fileEncoding = 4; lastKnownFileType = sourcecode.c.h; path = LoginViewController.h; sourceTree = "<group>"; };
		0A082C571C86BCE600A63C5B /* LoginViewController.m */ = {isa = PBXFileReference; fileEncoding = 4; lastKnownFileType = sourcecode.c.objc; path = LoginViewController.m; sourceTree = "<group>"; };
		0A082C581C86BCE600A63C5B /* LoginViewController.xib */ = {isa = PBXFileReference; fileEncoding = 4; lastKnownFileType = file.xib; path = LoginViewController.xib; sourceTree = "<group>"; };
		0A082C5B1C86BEFF00A63C5B /* cuitPNG.png */ = {isa = PBXFileReference; lastKnownFileType = image.png; path = cuitPNG.png; sourceTree = "<group>"; };
		0A23DF611CB8A72200BCDAC2 /* SetPassWordViewController.h */ = {isa = PBXFileReference; fileEncoding = 4; lastKnownFileType = sourcecode.c.h; path = SetPassWordViewController.h; sourceTree = "<group>"; };
		0A23DF621CB8A72200BCDAC2 /* SetPassWordViewController.m */ = {isa = PBXFileReference; fileEncoding = 4; lastKnownFileType = sourcecode.c.objc; path = SetPassWordViewController.m; sourceTree = "<group>"; };
		0A23DF631CB8A72200BCDAC2 /* SetPassWordViewController.xib */ = {isa = PBXFileReference; fileEncoding = 4; lastKnownFileType = file.xib; path = SetPassWordViewController.xib; sourceTree = "<group>"; };
		0A8E15341C8A9E26005200AB /* SVPullToRefresh.h */ = {isa = PBXFileReference; fileEncoding = 4; lastKnownFileType = sourcecode.c.h; path = SVPullToRefresh.h; sourceTree = "<group>"; };
		0A8E15351C8A9E26005200AB /* UIScrollView+SVInfiniteScrolling.h */ = {isa = PBXFileReference; fileEncoding = 4; lastKnownFileType = sourcecode.c.h; path = "UIScrollView+SVInfiniteScrolling.h"; sourceTree = "<group>"; };
		0A8E15361C8A9E26005200AB /* UIScrollView+SVInfiniteScrolling.m */ = {isa = PBXFileReference; fileEncoding = 4; lastKnownFileType = sourcecode.c.objc; path = "UIScrollView+SVInfiniteScrolling.m"; sourceTree = "<group>"; };
		0A8E15371C8A9E26005200AB /* UIScrollView+SVPullToRefresh.h */ = {isa = PBXFileReference; fileEncoding = 4; lastKnownFileType = sourcecode.c.h; path = "UIScrollView+SVPullToRefresh.h"; sourceTree = "<group>"; };
		0A8E15381C8A9E26005200AB /* UIScrollView+SVPullToRefresh.m */ = {isa = PBXFileReference; fileEncoding = 4; lastKnownFileType = sourcecode.c.objc; path = "UIScrollView+SVPullToRefresh.m"; sourceTree = "<group>"; };
		0A8E153B1C8A9E50005200AB /* MBProgressHUD.h */ = {isa = PBXFileReference; fileEncoding = 4; lastKnownFileType = sourcecode.c.h; name = MBProgressHUD.h; path = SVPullToRefresh/MBProgressHUD.h; sourceTree = "<group>"; };
		0A8E153C1C8A9E50005200AB /* MBProgressHUD.m */ = {isa = PBXFileReference; fileEncoding = 4; lastKnownFileType = sourcecode.c.objc; name = MBProgressHUD.m; path = SVPullToRefresh/MBProgressHUD.m; sourceTree = "<group>"; };
		0A8E153F1C8A9F59005200AB /* ChoiceCourseViewController.h */ = {isa = PBXFileReference; fileEncoding = 4; lastKnownFileType = sourcecode.c.h; path = ChoiceCourseViewController.h; sourceTree = "<group>"; };
		0A8E15401C8A9F59005200AB /* ChoiceCourseViewController.m */ = {isa = PBXFileReference; fileEncoding = 4; lastKnownFileType = sourcecode.c.objc; path = ChoiceCourseViewController.m; sourceTree = "<group>"; };
		0A8E15411C8A9F59005200AB /* ChoiceCourseViewController.xib */ = {isa = PBXFileReference; fileEncoding = 4; lastKnownFileType = file.xib; path = ChoiceCourseViewController.xib; sourceTree = "<group>"; };
		0A8E15441C8A9FCF005200AB /* CancelCourseViewController.h */ = {isa = PBXFileReference; fileEncoding = 4; lastKnownFileType = sourcecode.c.h; path = CancelCourseViewController.h; sourceTree = "<group>"; };
		0A8E15451C8A9FCF005200AB /* CancelCourseViewController.m */ = {isa = PBXFileReference; fileEncoding = 4; lastKnownFileType = sourcecode.c.objc; path = CancelCourseViewController.m; sourceTree = "<group>"; };
		0A8E15461C8A9FCF005200AB /* CancelCourseViewController.xib */ = {isa = PBXFileReference; fileEncoding = 4; lastKnownFileType = file.xib; path = CancelCourseViewController.xib; sourceTree = "<group>"; };
		0A8E154A1C8AA02C005200AB /* PersonViewController.h */ = {isa = PBXFileReference; fileEncoding = 4; lastKnownFileType = sourcecode.c.h; path = PersonViewController.h; sourceTree = "<group>"; };
		0A8E154B1C8AA02C005200AB /* PersonViewController.m */ = {isa = PBXFileReference; fileEncoding = 4; lastKnownFileType = sourcecode.c.objc; path = PersonViewController.m; sourceTree = "<group>"; };
		0A8E154C1C8AA02C005200AB /* PersonViewController.xib */ = {isa = PBXFileReference; fileEncoding = 4; lastKnownFileType = file.xib; path = PersonViewController.xib; sourceTree = "<group>"; };
		0AB6C0ED1C75658B00BCC4A4 /* ChoiceCourseSystem.app */ = {isa = PBXFileReference; explicitFileType = wrapper.application; includeInIndex = 0; path = ChoiceCourseSystem.app; sourceTree = BUILT_PRODUCTS_DIR; };
		0AB6C0F11C75658B00BCC4A4 /* main.m */ = {isa = PBXFileReference; lastKnownFileType = sourcecode.c.objc; path = main.m; sourceTree = "<group>"; };
		0AB6C0F31C75658B00BCC4A4 /* AppDelegate.h */ = {isa = PBXFileReference; lastKnownFileType = sourcecode.c.h; path = AppDelegate.h; sourceTree = "<group>"; };
		0AB6C0F41C75658B00BCC4A4 /* AppDelegate.m */ = {isa = PBXFileReference; lastKnownFileType = sourcecode.c.objc; path = AppDelegate.m; sourceTree = "<group>"; };
		0AB6C0FC1C75658B00BCC4A4 /* Assets.xcassets */ = {isa = PBXFileReference; lastKnownFileType = folder.assetcatalog; path = Assets.xcassets; sourceTree = "<group>"; };
		0AB6C0FF1C75658B00BCC4A4 /* Base */ = {isa = PBXFileReference; lastKnownFileType = file.storyboard; name = Base; path = Base.lproj/LaunchScreen.storyboard; sourceTree = "<group>"; };
		0AB6C1011C75658B00BCC4A4 /* Info.plist */ = {isa = PBXFileReference; lastKnownFileType = text.plist.xml; path = Info.plist; sourceTree = "<group>"; };
		0AD6E2741CA7AD4C003541E2 /* SystemConfiguration.framework */ = {isa = PBXFileReference; lastKnownFileType = wrapper.framework; name = SystemConfiguration.framework; path = System/Library/Frameworks/SystemConfiguration.framework; sourceTree = SDKROOT; };
		0AD6E2761CA7AD87003541E2 /* Reachability.h */ = {isa = PBXFileReference; fileEncoding = 4; lastKnownFileType = sourcecode.c.h; path = Reachability.h; sourceTree = "<group>"; };
		0AD6E2771CA7AD87003541E2 /* Reachability.m */ = {isa = PBXFileReference; fileEncoding = 4; lastKnownFileType = sourcecode.c.objc; path = Reachability.m; sourceTree = "<group>"; };
		0AD912E91CA79BFC0090B2BB /* PersonTableViewCell.h */ = {isa = PBXFileReference; fileEncoding = 4; lastKnownFileType = sourcecode.c.h; path = PersonTableViewCell.h; sourceTree = "<group>"; };
		0AD912EA1CA79BFC0090B2BB /* PersonTableViewCell.m */ = {isa = PBXFileReference; fileEncoding = 4; lastKnownFileType = sourcecode.c.objc; path = PersonTableViewCell.m; sourceTree = "<group>"; };
		0AD912EB1CA79BFC0090B2BB /* PersonTableViewCell.xib */ = {isa = PBXFileReference; fileEncoding = 4; lastKnownFileType = file.xib; path = PersonTableViewCell.xib; sourceTree = "<group>"; };
		0AD912EE1CA79CD90090B2BB /* in.png */ = {isa = PBXFileReference; lastKnownFileType = image.png; path = in.png; sourceTree = "<group>"; };
		1AA4956B7BBF0171E834A703 /* libPods.a */ = {isa = PBXFileReference; explicitFileType = archive.ar; includeInIndex = 0; path = libPods.a; sourceTree = BUILT_PRODUCTS_DIR; };
		53ABE67F66050BEF4F3D2CA4 /* Pods.debug.xcconfig */ = {isa = PBXFileReference; includeInIndex = 1; lastKnownFileType = text.xcconfig; name = Pods.debug.xcconfig; path = "Pods/Target Support Files/Pods/Pods.debug.xcconfig"; sourceTree = "<group>"; };
		6470E9AF9CFEF7CA71EB5F68 /* Pods.release.xcconfig */ = {isa = PBXFileReference; includeInIndex = 1; lastKnownFileType = text.xcconfig; name = Pods.release.xcconfig; path = "Pods/Target Support Files/Pods/Pods.release.xcconfig"; sourceTree = "<group>"; };
		C166721D1CBC893C000DAA6F /* CourseInfoView.h */ = {isa = PBXFileReference; fileEncoding = 4; lastKnownFileType = sourcecode.c.h; path = CourseInfoView.h; sourceTree = "<group>"; };
		C166721E1CBC893C000DAA6F /* CourseInfoView.m */ = {isa = PBXFileReference; fileEncoding = 4; lastKnownFileType = sourcecode.c.objc; path = CourseInfoView.m; sourceTree = "<group>"; };
		C16672201CBC895B000DAA6F /* CourseInfoView.xib */ = {isa = PBXFileReference; fileEncoding = 4; lastKnownFileType = file.xib; path = CourseInfoView.xib; sourceTree = "<group>"; };
		C17316061CBB3A4000915D5B /* YearClassVC.h */ = {isa = PBXFileReference; fileEncoding = 4; lastKnownFileType = sourcecode.c.h; path = YearClassVC.h; sourceTree = "<group>"; };
		C17316071CBB3A4000915D5B /* YearClassVC.m */ = {isa = PBXFileReference; fileEncoding = 4; lastKnownFileType = sourcecode.c.objc; path = YearClassVC.m; sourceTree = "<group>"; };
		C17316081CBB3A4000915D5B /* YearClassVC.xib */ = {isa = PBXFileReference; fileEncoding = 4; lastKnownFileType = file.xib; path = YearClassVC.xib; sourceTree = "<group>"; };
		C173160B1CBB438C00915D5B /* MajorViewController.h */ = {isa = PBXFileReference; fileEncoding = 4; lastKnownFileType = sourcecode.c.h; path = MajorViewController.h; sourceTree = "<group>"; };
		C173160C1CBB438C00915D5B /* MajorViewController.m */ = {isa = PBXFileReference; fileEncoding = 4; lastKnownFileType = sourcecode.c.objc; path = MajorViewController.m; sourceTree = "<group>"; };
		C173160D1CBB438C00915D5B /* MajorViewController.xib */ = {isa = PBXFileReference; fileEncoding = 4; lastKnownFileType = file.xib; path = MajorViewController.xib; sourceTree = "<group>"; };
		C17316101CBB4E5000915D5B /* close@2x.png */ = {isa = PBXFileReference; lastKnownFileType = image.png; path = "close@2x.png"; sourceTree = "<group>"; };
		C17316111CBB4E5000915D5B /* close@3x.png */ = {isa = PBXFileReference; lastKnownFileType = image.png; path = "close@3x.png"; sourceTree = "<group>"; };
		C17316141CBB4ECE00915D5B /* left@2x.png */ = {isa = PBXFileReference; lastKnownFileType = image.png; path = "left@2x.png"; sourceTree = "<group>"; };
		C17316151CBB4ECE00915D5B /* left@3x.png */ = {isa = PBXFileReference; lastKnownFileType = image.png; path = "left@3x.png"; sourceTree = "<group>"; };
		C17316181CBB538E00915D5B /* ClassViewController.h */ = {isa = PBXFileReference; fileEncoding = 4; lastKnownFileType = sourcecode.c.h; path = ClassViewController.h; sourceTree = "<group>"; };
		C17316191CBB538E00915D5B /* ClassViewController.m */ = {isa = PBXFileReference; fileEncoding = 4; lastKnownFileType = sourcecode.c.objc; path = ClassViewController.m; sourceTree = "<group>"; };
		C173161A1CBB538E00915D5B /* ClassViewController.xib */ = {isa = PBXFileReference; fileEncoding = 4; lastKnownFileType = file.xib; path = ClassViewController.xib; sourceTree = "<group>"; };
		C173161D1CBB57BA00915D5B /* CourseViewController.h */ = {isa = PBXFileReference; fileEncoding = 4; lastKnownFileType = sourcecode.c.h; path = CourseViewController.h; sourceTree = "<group>"; };
		C173161E1CBB57BA00915D5B /* CourseViewController.m */ = {isa = PBXFileReference; fileEncoding = 4; lastKnownFileType = sourcecode.c.objc; path = CourseViewController.m; sourceTree = "<group>"; };
		C173161F1CBB57BA00915D5B /* CourseViewController.xib */ = {isa = PBXFileReference; fileEncoding = 4; lastKnownFileType = file.xib; path = CourseViewController.xib; sourceTree = "<group>"; };
		C17316221CBB8DEB00915D5B /* CourseInfoTableViewCell.h */ = {isa = PBXFileReference; fileEncoding = 4; lastKnownFileType = sourcecode.c.h; path = CourseInfoTableViewCell.h; sourceTree = "<group>"; };
		C17316231CBB8DEB00915D5B /* CourseInfoTableViewCell.m */ = {isa = PBXFileReference; fileEncoding = 4; lastKnownFileType = sourcecode.c.objc; path = CourseInfoTableViewCell.m; sourceTree = "<group>"; };
		C17316241CBB8DEB00915D5B /* CourseInfoTableViewCell.xib */ = {isa = PBXFileReference; fileEncoding = 4; lastKnownFileType = file.xib; path = CourseInfoTableViewCell.xib; sourceTree = "<group>"; };
		C184BE0C1CB739C800C844FF /* UserManager.h */ = {isa = PBXFileReference; fileEncoding = 4; lastKnownFileType = sourcecode.c.h; path = UserManager.h; sourceTree = "<group>"; };
		C184BE0D1CB739C800C844FF /* UserManager.m */ = {isa = PBXFileReference; fileEncoding = 4; lastKnownFileType = sourcecode.c.objc; path = UserManager.m; sourceTree = "<group>"; };
		C184BE0F1CB742FC00C844FF /* SuperViewController.h */ = {isa = PBXFileReference; fileEncoding = 4; lastKnownFileType = sourcecode.c.h; path = SuperViewController.h; sourceTree = "<group>"; };
		C184BE101CB742FC00C844FF /* SuperViewController.m */ = {isa = PBXFileReference; fileEncoding = 4; lastKnownFileType = sourcecode.c.objc; path = SuperViewController.m; sourceTree = "<group>"; };
		C184BE1B1CB7868800C844FF /* book@2x.png */ = {isa = PBXFileReference; lastKnownFileType = image.png; path = "book@2x.png"; sourceTree = "<group>"; };
		C184BE1C1CB7868800C844FF /* book@3x.png */ = {isa = PBXFileReference; lastKnownFileType = image.png; path = "book@3x.png"; sourceTree = "<group>"; };
		C184BE231CB788CF00C844FF /* person@2x.png */ = {isa = PBXFileReference; lastKnownFileType = image.png; path = "person@2x.png"; sourceTree = "<group>"; };
		C184BE241CB788CF00C844FF /* person@3x.png */ = {isa = PBXFileReference; lastKnownFileType = image.png; path = "person@3x.png"; sourceTree = "<group>"; };
		C184BE271CB789D400C844FF /* cancle@2x.png */ = {isa = PBXFileReference; lastKnownFileType = image.png; path = "cancle@2x.png"; sourceTree = "<group>"; };
		C184BE281CB789D400C844FF /* cancle@3x.png */ = {isa = PBXFileReference; lastKnownFileType = image.png; path = "cancle@3x.png"; sourceTree = "<group>"; };
		C184BE2B1CB798CE00C844FF /* PersonHeaderView.h */ = {isa = PBXFileReference; fileEncoding = 4; lastKnownFileType = sourcecode.c.h; path = PersonHeaderView.h; sourceTree = "<group>"; };
		C184BE2C1CB798CE00C844FF /* PersonHeaderView.m */ = {isa = PBXFileReference; fileEncoding = 4; lastKnownFileType = sourcecode.c.objc; path = PersonHeaderView.m; sourceTree = "<group>"; };
		C184BE2E1CB798F200C844FF /* PersonHeaderView.xib */ = {isa = PBXFileReference; fileEncoding = 4; lastKnownFileType = file.xib; path = PersonHeaderView.xib; sourceTree = "<group>"; };
		C1B1D3FA1CAE6BDB0022A23F /* AlertNotice.h */ = {isa = PBXFileReference; fileEncoding = 4; lastKnownFileType = sourcecode.c.h; path = AlertNotice.h; sourceTree = "<group>"; };
		C1B1D3FB1CAE6BDB0022A23F /* AlertNotice.m */ = {isa = PBXFileReference; fileEncoding = 4; lastKnownFileType = sourcecode.c.objc; path = AlertNotice.m; sourceTree = "<group>"; };
		C1B1D3FE1CAE708D0022A23F /* PrefixHeader.pch */ = {isa = PBXFileReference; fileEncoding = 4; lastKnownFileType = sourcecode.c.h; path = PrefixHeader.pch; sourceTree = "<group>"; };
		C1D4DFB71CB3483500F14071 /* NetHelper.h */ = {isa = PBXFileReference; fileEncoding = 4; lastKnownFileType = sourcecode.c.h; name = NetHelper.h; path = ChoiceCourseSystem/NetHelper.h; sourceTree = SOURCE_ROOT; };
		C1D4DFB81CB3483500F14071 /* NetHelper.m */ = {isa = PBXFileReference; fileEncoding = 4; lastKnownFileType = sourcecode.c.objc; name = NetHelper.m; path = ChoiceCourseSystem/NetHelper.m; sourceTree = SOURCE_ROOT; };
		C1D4DFBA1CB3A4C700F14071 /* collegeModel.h */ = {isa = PBXFileReference; fileEncoding = 4; lastKnownFileType = sourcecode.c.h; path = collegeModel.h; sourceTree = "<group>"; };
		C1D4DFBB1CB3A4C700F14071 /* collegeModel.m */ = {isa = PBXFileReference; fileEncoding = 4; lastKnownFileType = sourcecode.c.objc; path = collegeModel.m; sourceTree = "<group>"; };
		C1D4DFBD1CB3AA1D00F14071 /* CourseContent.h */ = {isa = PBXFileReference; fileEncoding = 4; lastKnownFileType = sourcecode.c.h; path = CourseContent.h; sourceTree = "<group>"; };
		C1D4DFBE1CB3AA1D00F14071 /* CourseContent.m */ = {isa = PBXFileReference; fileEncoding = 4; lastKnownFileType = sourcecode.c.objc; path = CourseContent.m; sourceTree = "<group>"; };
		C1DBB6381CB4F73400C478A7 /* SelectedViewController.h */ = {isa = PBXFileReference; fileEncoding = 4; lastKnownFileType = sourcecode.c.h; path = SelectedViewController.h; sourceTree = "<group>"; };
		C1DBB6391CB4F73400C478A7 /* SelectedViewController.m */ = {isa = PBXFileReference; fileEncoding = 4; lastKnownFileType = sourcecode.c.objc; path = SelectedViewController.m; sourceTree = "<group>"; };
		C1DBB63B1CB50F0D00C478A7 /* CourseNameViewController.h */ = {isa = PBXFileReference; fileEncoding = 4; lastKnownFileType = sourcecode.c.h; path = CourseNameViewController.h; sourceTree = "<group>"; };
		C1DBB63C1CB50F0D00C478A7 /* CourseNameViewController.m */ = {isa = PBXFileReference; fileEncoding = 4; lastKnownFileType = sourcecode.c.objc; path = CourseNameViewController.m; sourceTree = "<group>"; };
/* End PBXFileReference section */

/* Begin PBXFrameworksBuildPhase section */
		0AB6C0EA1C75658B00BCC4A4 /* Frameworks */ = {
			isa = PBXFrameworksBuildPhase;
			buildActionMask = 2147483647;
			files = (
				0AD6E2751CA7AD4C003541E2 /* SystemConfiguration.framework in Frameworks */,
				FAEBB2359A989E2461BBAB37 /* libPods.a in Frameworks */,
			);
			runOnlyForDeploymentPostprocessing = 0;
		};
/* End PBXFrameworksBuildPhase section */

/* Begin PBXGroup section */
		0A8E152A1C8A98AD005200AB /* resImg */ = {
			isa = PBXGroup;
			children = (
				C17316141CBB4ECE00915D5B /* left@2x.png */,
				C17316151CBB4ECE00915D5B /* left@3x.png */,
				C17316101CBB4E5000915D5B /* close@2x.png */,
				C17316111CBB4E5000915D5B /* close@3x.png */,
				C184BE231CB788CF00C844FF /* person@2x.png */,
				C184BE241CB788CF00C844FF /* person@3x.png */,
				C184BE1B1CB7868800C844FF /* book@2x.png */,
				C184BE1C1CB7868800C844FF /* book@3x.png */,
				C184BE271CB789D400C844FF /* cancle@2x.png */,
				C184BE281CB789D400C844FF /* cancle@3x.png */,
				0AD912EE1CA79CD90090B2BB /* in.png */,
				0A082C5B1C86BEFF00A63C5B /* cuitPNG.png */,
			);
			name = resImg;
			sourceTree = "<group>";
		};
		0A8E152B1C8A98D9005200AB /* model */ = {
			isa = PBXGroup;
			children = (
				C1D4DFBA1CB3A4C700F14071 /* collegeModel.h */,
				C1D4DFBB1CB3A4C700F14071 /* collegeModel.m */,
				C1D4DFBD1CB3AA1D00F14071 /* CourseContent.h */,
				C1D4DFBE1CB3AA1D00F14071 /* CourseContent.m */,
			);
			name = model;
			sourceTree = "<group>";
		};
		0A8E152C1C8A98EB005200AB /* controller */ = {
			isa = PBXGroup;
			children = (
				C184BE181CB77AB900C844FF /* SuperController */,
				C1DBB6411CB5224D00C478A7 /* PersonVC */,
				C1DBB6401CB5223A00C478A7 /* CancelCourseVC */,
				C1DBB63F1CB5222C00C478A7 /* ChoiseCourseVC */,
				C1DBB63E1CB5222000C478A7 /* LoginVC */,
			);
			name = controller;
			sourceTree = "<group>";
		};
		0A8E152D1C8A98F9005200AB /* view */ = {
			isa = PBXGroup;
			children = (
				C1B1D3F91CAE6BAE0022A23F /* AlertView */,
				0AD912F01CA7A8C60090B2BB /* CellView */,
				C184BE2B1CB798CE00C844FF /* PersonHeaderView.h */,
				C184BE2C1CB798CE00C844FF /* PersonHeaderView.m */,
				C184BE2E1CB798F200C844FF /* PersonHeaderView.xib */,
				C166721D1CBC893C000DAA6F /* CourseInfoView.h */,
				C166721E1CBC893C000DAA6F /* CourseInfoView.m */,
				C16672201CBC895B000DAA6F /* CourseInfoView.xib */,
			);
			name = view;
			sourceTree = "<group>";
		};
		0A8E152E1C8A9922005200AB /* AppDelegate */ = {
			isa = PBXGroup;
			children = (
				0AB6C0F31C75658B00BCC4A4 /* AppDelegate.h */,
				0AB6C0F41C75658B00BCC4A4 /* AppDelegate.m */,
			);
			name = AppDelegate;
			sourceTree = "<group>";
		};
		0A8E15311C8A9A03005200AB /* urlHelper */ = {
			isa = PBXGroup;
			children = (
				C1D4DFB71CB3483500F14071 /* NetHelper.h */,
				C1D4DFB81CB3483500F14071 /* NetHelper.m */,
			);
			name = urlHelper;
			path = ../../liangCang/LC;
			sourceTree = "<group>";
		};
		0A8E15331C8A9E26005200AB /* SVPullToRefresh */ = {
			isa = PBXGroup;
			children = (
				0A8E15341C8A9E26005200AB /* SVPullToRefresh.h */,
				0A8E15351C8A9E26005200AB /* UIScrollView+SVInfiniteScrolling.h */,
				0A8E15361C8A9E26005200AB /* UIScrollView+SVInfiniteScrolling.m */,
				0A8E15371C8A9E26005200AB /* UIScrollView+SVPullToRefresh.h */,
				0A8E15381C8A9E26005200AB /* UIScrollView+SVPullToRefresh.m */,
			);
			path = SVPullToRefresh;
			sourceTree = "<group>";
		};
		0A8E153E1C8A9E5B005200AB /* MBProgressHUD */ = {
			isa = PBXGroup;
			children = (
				0A8E153B1C8A9E50005200AB /* MBProgressHUD.h */,
				0A8E153C1C8A9E50005200AB /* MBProgressHUD.m */,
			);
			name = MBProgressHUD;
			sourceTree = "<group>";
		};
		0AB6C0E41C75658B00BCC4A4 = {
			isa = PBXGroup;
			children = (
				0AB6C0EF1C75658B00BCC4A4 /* ChoiceCourseSystem */,
				0AB6C0EE1C75658B00BCC4A4 /* Products */,
				22414102473F16BC3B136C0F /* Pods */,
				0C65449DA3F82A04F6118444 /* Frameworks */,
			);
			sourceTree = "<group>";
		};
		0AB6C0EE1C75658B00BCC4A4 /* Products */ = {
			isa = PBXGroup;
			children = (
				0AB6C0ED1C75658B00BCC4A4 /* ChoiceCourseSystem.app */,
			);
			name = Products;
			sourceTree = "<group>";
		};
		0AB6C0EF1C75658B00BCC4A4 /* ChoiceCourseSystem */ = {
			isa = PBXGroup;
			children = (
				C184BE141CB7451F00C844FF /* UserManager */,
				C1B1D3FD1CAE706D0022A23F /* PrefixHeader */,
				0AD6E27A1CA7B3C9003541E2 /* framework */,
				0AD6E2791CA7B3A6003541E2 /* Reachablity */,
				0A8E153E1C8A9E5B005200AB /* MBProgressHUD */,
				0A8E15331C8A9E26005200AB /* SVPullToRefresh */,
				0A8E15311C8A9A03005200AB /* urlHelper */,
				0A8E152E1C8A9922005200AB /* AppDelegate */,
				0A8E152B1C8A98D9005200AB /* model */,
				0A8E152D1C8A98F9005200AB /* view */,
				0A8E152C1C8A98EB005200AB /* controller */,
				0A8E152A1C8A98AD005200AB /* resImg */,
				0AB6C0FC1C75658B00BCC4A4 /* Assets.xcassets */,
				0AB6C0FE1C75658B00BCC4A4 /* LaunchScreen.storyboard */,
				0AB6C1011C75658B00BCC4A4 /* Info.plist */,
				0AB6C0F01C75658B00BCC4A4 /* Supporting Files */,
			);
			path = ChoiceCourseSystem;
			sourceTree = "<group>";
		};
		0AB6C0F01C75658B00BCC4A4 /* Supporting Files */ = {
			isa = PBXGroup;
			children = (
				0AB6C0F11C75658B00BCC4A4 /* main.m */,
			);
			name = "Supporting Files";
			sourceTree = "<group>";
		};
		0AD6E2791CA7B3A6003541E2 /* Reachablity */ = {
			isa = PBXGroup;
			children = (
				0AD6E2761CA7AD87003541E2 /* Reachability.h */,
				0AD6E2771CA7AD87003541E2 /* Reachability.m */,
			);
			name = Reachablity;
			sourceTree = "<group>";
		};
		0AD6E27A1CA7B3C9003541E2 /* framework */ = {
			isa = PBXGroup;
			children = (
				0AD6E2741CA7AD4C003541E2 /* SystemConfiguration.framework */,
			);
			name = framework;
			sourceTree = "<group>";
		};
		0AD912F01CA7A8C60090B2BB /* CellView */ = {
			isa = PBXGroup;
			children = (
				0AD912E91CA79BFC0090B2BB /* PersonTableViewCell.h */,
				0AD912EA1CA79BFC0090B2BB /* PersonTableViewCell.m */,
				0AD912EB1CA79BFC0090B2BB /* PersonTableViewCell.xib */,
				C17316221CBB8DEB00915D5B /* CourseInfoTableViewCell.h */,
				C17316231CBB8DEB00915D5B /* CourseInfoTableViewCell.m */,
				C17316241CBB8DEB00915D5B /* CourseInfoTableViewCell.xib */,
			);
			name = CellView;
			sourceTree = "<group>";
		};
		0C65449DA3F82A04F6118444 /* Frameworks */ = {
			isa = PBXGroup;
			children = (
				1AA4956B7BBF0171E834A703 /* libPods.a */,
			);
			name = Frameworks;
			sourceTree = "<group>";
		};
		22414102473F16BC3B136C0F /* Pods */ = {
			isa = PBXGroup;
			children = (
				53ABE67F66050BEF4F3D2CA4 /* Pods.debug.xcconfig */,
				6470E9AF9CFEF7CA71EB5F68 /* Pods.release.xcconfig */,
			);
			name = Pods;
			sourceTree = "<group>";
		};
		C184BE141CB7451F00C844FF /* UserManager */ = {
			isa = PBXGroup;
			children = (
				C184BE0C1CB739C800C844FF /* UserManager.h */,
				C184BE0D1CB739C800C844FF /* UserManager.m */,
			);
			name = UserManager;
			sourceTree = "<group>";
		};
		C184BE181CB77AB900C844FF /* SuperController */ = {
			isa = PBXGroup;
			children = (
				C184BE0F1CB742FC00C844FF /* SuperViewController.h */,
				C184BE101CB742FC00C844FF /* SuperViewController.m */,
			);
			name = SuperController;
			sourceTree = "<group>";
		};
		C1B1D3F91CAE6BAE0022A23F /* AlertView */ = {
			isa = PBXGroup;
			children = (
				C1B1D3FA1CAE6BDB0022A23F /* AlertNotice.h */,
				C1B1D3FB1CAE6BDB0022A23F /* AlertNotice.m */,
			);
			name = AlertView;
			sourceTree = "<group>";
		};
		C1B1D3FD1CAE706D0022A23F /* PrefixHeader */ = {
			isa = PBXGroup;
			children = (
				C1B1D3FE1CAE708D0022A23F /* PrefixHeader.pch */,
			);
			name = PrefixHeader;
			sourceTree = "<group>";
		};
		C1DBB63E1CB5222000C478A7 /* LoginVC */ = {
			isa = PBXGroup;
			children = (
				0A082C561C86BCE600A63C5B /* LoginViewController.h */,
				0A082C571C86BCE600A63C5B /* LoginViewController.m */,
				0A082C581C86BCE600A63C5B /* LoginViewController.xib */,
			);
			name = LoginVC;
			sourceTree = "<group>";
		};
		C1DBB63F1CB5222C00C478A7 /* ChoiseCourseVC */ = {
			isa = PBXGroup;
			children = (
				C1DBB6381CB4F73400C478A7 /* SelectedViewController.h */,
				C1DBB6391CB4F73400C478A7 /* SelectedViewController.m */,
				0A8E153F1C8A9F59005200AB /* ChoiceCourseViewController.h */,
				0A8E15401C8A9F59005200AB /* ChoiceCourseViewController.m */,
				0A8E15411C8A9F59005200AB /* ChoiceCourseViewController.xib */,
				C17316061CBB3A4000915D5B /* YearClassVC.h */,
				C17316071CBB3A4000915D5B /* YearClassVC.m */,
				C17316081CBB3A4000915D5B /* YearClassVC.xib */,
				C173160B1CBB438C00915D5B /* MajorViewController.h */,
				C173160C1CBB438C00915D5B /* MajorViewController.m */,
				C173160D1CBB438C00915D5B /* MajorViewController.xib */,
				C17316181CBB538E00915D5B /* ClassViewController.h */,
				C17316191CBB538E00915D5B /* ClassViewController.m */,
				C173161A1CBB538E00915D5B /* ClassViewController.xib */,
				C173161D1CBB57BA00915D5B /* CourseViewController.h */,
				C173161E1CBB57BA00915D5B /* CourseViewController.m */,
				C173161F1CBB57BA00915D5B /* CourseViewController.xib */,
			);
			name = ChoiseCourseVC;
			sourceTree = "<group>";
		};
		C1DBB6401CB5223A00C478A7 /* CancelCourseVC */ = {
			isa = PBXGroup;
			children = (
				0A8E15441C8A9FCF005200AB /* CancelCourseViewController.h */,
				0A8E15451C8A9FCF005200AB /* CancelCourseViewController.m */,
				0A8E15461C8A9FCF005200AB /* CancelCourseViewController.xib */,
			);
			name = CancelCourseVC;
			sourceTree = "<group>";
		};
		C1DBB6411CB5224D00C478A7 /* PersonVC */ = {
			isa = PBXGroup;
			children = (
				C1DBB63B1CB50F0D00C478A7 /* CourseNameViewController.h */,
				C1DBB63C1CB50F0D00C478A7 /* CourseNameViewController.m */,
				0A8E154A1C8AA02C005200AB /* PersonViewController.h */,
				0A8E154B1C8AA02C005200AB /* PersonViewController.m */,
				0A8E154C1C8AA02C005200AB /* PersonViewController.xib */,
				0A23DF611CB8A72200BCDAC2 /* SetPassWordViewController.h */,
				0A23DF621CB8A72200BCDAC2 /* SetPassWordViewController.m */,
				0A23DF631CB8A72200BCDAC2 /* SetPassWordViewController.xib */,
			);
			name = PersonVC;
			sourceTree = "<group>";
		};
/* End PBXGroup section */

/* Begin PBXNativeTarget section */
		0AB6C0EC1C75658B00BCC4A4 /* ChoiceCourseSystem */ = {
			isa = PBXNativeTarget;
			buildConfigurationList = 0AB6C1041C75658B00BCC4A4 /* Build configuration list for PBXNativeTarget "ChoiceCourseSystem" */;
			buildPhases = (
				E7F156B9F64169B68B19F406 /* Check Pods Manifest.lock */,
				0AB6C0E91C75658B00BCC4A4 /* Sources */,
				0AB6C0EA1C75658B00BCC4A4 /* Frameworks */,
				0AB6C0EB1C75658B00BCC4A4 /* Resources */,
				009BD058DD23A66B71C46157 /* Embed Pods Frameworks */,
				B99F46EEDA0951F523ABD44B /* Copy Pods Resources */,
			);
			buildRules = (
			);
			dependencies = (
			);
			name = ChoiceCourseSystem;
			productName = ChoiceCourseSystem;
			productReference = 0AB6C0ED1C75658B00BCC4A4 /* ChoiceCourseSystem.app */;
			productType = "com.apple.product-type.application";
		};
/* End PBXNativeTarget section */

/* Begin PBXProject section */
		0AB6C0E51C75658B00BCC4A4 /* Project object */ = {
			isa = PBXProject;
			attributes = {
				LastUpgradeCheck = 0720;
				ORGANIZATIONNAME = zzm;
				TargetAttributes = {
					0AB6C0EC1C75658B00BCC4A4 = {
						CreatedOnToolsVersion = 7.2.1;
						DevelopmentTeam = KT8X4XSVNM;
					};
				};
			};
			buildConfigurationList = 0AB6C0E81C75658B00BCC4A4 /* Build configuration list for PBXProject "ChoiceCourseSystem" */;
			compatibilityVersion = "Xcode 3.2";
			developmentRegion = English;
			hasScannedForEncodings = 0;
			knownRegions = (
				en,
				Base,
			);
			mainGroup = 0AB6C0E41C75658B00BCC4A4;
			productRefGroup = 0AB6C0EE1C75658B00BCC4A4 /* Products */;
			projectDirPath = "";
			projectRoot = "";
			targets = (
				0AB6C0EC1C75658B00BCC4A4 /* ChoiceCourseSystem */,
			);
		};
/* End PBXProject section */

/* Begin PBXResourcesBuildPhase section */
		0AB6C0EB1C75658B00BCC4A4 /* Resources */ = {
			isa = PBXResourcesBuildPhase;
			buildActionMask = 2147483647;
			files = (
				C184BE2F1CB798F200C844FF /* PersonHeaderView.xib in Resources */,
				0A8E15431C8A9F59005200AB /* ChoiceCourseViewController.xib in Resources */,
				C17316261CBB8DEB00915D5B /* CourseInfoTableViewCell.xib in Resources */,
				C184BE1D1CB7868800C844FF /* book@2x.png in Resources */,
				C17316161CBB4ECE00915D5B /* left@2x.png in Resources */,
				C184BE1E1CB7868800C844FF /* book@3x.png in Resources */,
				C17316171CBB4ECE00915D5B /* left@3x.png in Resources */,
				0A8E15481C8A9FCF005200AB /* CancelCourseViewController.xib in Resources */,
				0A082C5C1C86BEFF00A63C5B /* cuitPNG.png in Resources */,
				0AB6C1001C75658B00BCC4A4 /* LaunchScreen.storyboard in Resources */,
				0A8E154E1C8AA02C005200AB /* PersonViewController.xib in Resources */,
				0AD912EF1CA79CD90090B2BB /* in.png in Resources */,
				C17316131CBB4E5000915D5B /* close@3x.png in Resources */,
				C184BE291CB789D400C844FF /* cancle@2x.png in Resources */,
				C173160F1CBB438C00915D5B /* MajorViewController.xib in Resources */,
				C173160A1CBB3A4000915D5B /* YearClassVC.xib in Resources */,
				C184BE261CB788CF00C844FF /* person@3x.png in Resources */,
				C17316211CBB57BA00915D5B /* CourseViewController.xib in Resources */,
				0AB6C0FD1C75658B00BCC4A4 /* Assets.xcassets in Resources */,
				C16672211CBC895B000DAA6F /* CourseInfoView.xib in Resources */,
				0AD912ED1CA79BFC0090B2BB /* PersonTableViewCell.xib in Resources */,
				C17316121CBB4E5000915D5B /* close@2x.png in Resources */,
				0A082C5A1C86BCE600A63C5B /* LoginViewController.xib in Resources */,
				C184BE2A1CB789D400C844FF /* cancle@3x.png in Resources */,
				C173161C1CBB538E00915D5B /* ClassViewController.xib in Resources */,
				0A23DF651CB8A72200BCDAC2 /* SetPassWordViewController.xib in Resources */,
				C184BE251CB788CF00C844FF /* person@2x.png in Resources */,
			);
			runOnlyForDeploymentPostprocessing = 0;
		};
/* End PBXResourcesBuildPhase section */

/* Begin PBXShellScriptBuildPhase section */
		009BD058DD23A66B71C46157 /* Embed Pods Frameworks */ = {
			isa = PBXShellScriptBuildPhase;
			buildActionMask = 2147483647;
			files = (
			);
			inputPaths = (
			);
			name = "Embed Pods Frameworks";
			outputPaths = (
			);
			runOnlyForDeploymentPostprocessing = 0;
			shellPath = /bin/sh;
			shellScript = "\"${SRCROOT}/Pods/Target Support Files/Pods/Pods-frameworks.sh\"\n";
			showEnvVarsInLog = 0;
		};
		B99F46EEDA0951F523ABD44B /* Copy Pods Resources */ = {
			isa = PBXShellScriptBuildPhase;
			buildActionMask = 2147483647;
			files = (
			);
			inputPaths = (
			);
			name = "Copy Pods Resources";
			outputPaths = (
			);
			runOnlyForDeploymentPostprocessing = 0;
			shellPath = /bin/sh;
			shellScript = "\"${SRCROOT}/Pods/Target Support Files/Pods/Pods-resources.sh\"\n";
			showEnvVarsInLog = 0;
		};
		E7F156B9F64169B68B19F406 /* Check Pods Manifest.lock */ = {
			isa = PBXShellScriptBuildPhase;
			buildActionMask = 2147483647;
			files = (
			);
			inputPaths = (
			);
			name = "Check Pods Manifest.lock";
			outputPaths = (
			);
			runOnlyForDeploymentPostprocessing = 0;
			shellPath = /bin/sh;
			shellScript = "diff \"${PODS_ROOT}/../Podfile.lock\" \"${PODS_ROOT}/Manifest.lock\" > /dev/null\nif [[ $? != 0 ]] ; then\n    cat << EOM\nerror: The sandbox is not in sync with the Podfile.lock. Run 'pod install' or update your CocoaPods installation.\nEOM\n    exit 1\nfi\n";
			showEnvVarsInLog = 0;
		};
/* End PBXShellScriptBuildPhase section */

/* Begin PBXSourcesBuildPhase section */
		0AB6C0E91C75658B00BCC4A4 /* Sources */ = {
			isa = PBXSourcesBuildPhase;
			buildActionMask = 2147483647;
			files = (
				0AB6C0F51C75658B00BCC4A4 /* AppDelegate.m in Sources */,
				C1B1D3FC1CAE6BDB0022A23F /* AlertNotice.m in Sources */,
				C184BE121CB742FC00C844FF /* SuperViewController.m in Sources */,
				0A8E154D1C8AA02C005200AB /* PersonViewController.m in Sources */,
				C1DBB63D1CB50F0D00C478A7 /* CourseNameViewController.m in Sources */,
				C173161B1CBB538E00915D5B /* ClassViewController.m in Sources */,
				C17316251CBB8DEB00915D5B /* CourseInfoTableViewCell.m in Sources */,
				C1D4DFBC1CB3A4C700F14071 /* collegeModel.m in Sources */,
				0A8E153D1C8A9E50005200AB /* MBProgressHUD.m in Sources */,
				0AD912EC1CA79BFC0090B2BB /* PersonTableViewCell.m in Sources */,
				C184BE2D1CB798CE00C844FF /* PersonHeaderView.m in Sources */,
				0A8E153A1C8A9E26005200AB /* UIScrollView+SVPullToRefresh.m in Sources */,
				C173160E1CBB438C00915D5B /* MajorViewController.m in Sources */,
				C17316091CBB3A4000915D5B /* YearClassVC.m in Sources */,
				C1D4DFBF1CB3AA1D00F14071 /* CourseContent.m in Sources */,
				0A23DF641CB8A72200BCDAC2 /* SetPassWordViewController.m in Sources */,
				C166721F1CBC893C000DAA6F /* CourseInfoView.m in Sources */,
				0A8E15471C8A9FCF005200AB /* CancelCourseViewController.m in Sources */,
				0A8E15391C8A9E26005200AB /* UIScrollView+SVInfiniteScrolling.m in Sources */,
				0A8E15421C8A9F59005200AB /* ChoiceCourseViewController.m in Sources */,
				C1D4DFB91CB3483500F14071 /* NetHelper.m in Sources */,
				0AD6E2781CA7AD87003541E2 /* Reachability.m in Sources */,
				0AB6C0F21C75658B00BCC4A4 /* main.m in Sources */,
				C184BE0E1CB739C800C844FF /* UserManager.m in Sources */,
				0A082C591C86BCE600A63C5B /* LoginViewController.m in Sources */,
				C1DBB63A1CB4F73400C478A7 /* SelectedViewController.m in Sources */,
				C17316201CBB57BA00915D5B /* CourseViewController.m in Sources */,
			);
			runOnlyForDeploymentPostprocessing = 0;
		};
/* End PBXSourcesBuildPhase section */

/* Begin PBXVariantGroup section */
		0AB6C0FE1C75658B00BCC4A4 /* LaunchScreen.storyboard */ = {
			isa = PBXVariantGroup;
			children = (
				0AB6C0FF1C75658B00BCC4A4 /* Base */,
			);
			name = LaunchScreen.storyboard;
			sourceTree = "<group>";
		};
/* End PBXVariantGroup section */

/* Begin XCBuildConfiguration section */
		0AB6C1021C75658B00BCC4A4 /* Debug */ = {
			isa = XCBuildConfiguration;
			buildSettings = {
				ALWAYS_SEARCH_USER_PATHS = NO;
				CLANG_CXX_LANGUAGE_STANDARD = "gnu++0x";
				CLANG_CXX_LIBRARY = "libc++";
				CLANG_ENABLE_MODULES = YES;
				CLANG_ENABLE_OBJC_ARC = YES;
				CLANG_WARN_BOOL_CONVERSION = YES;
				CLANG_WARN_CONSTANT_CONVERSION = YES;
				CLANG_WARN_DIRECT_OBJC_ISA_USAGE = YES_ERROR;
				CLANG_WARN_EMPTY_BODY = YES;
				CLANG_WARN_ENUM_CONVERSION = YES;
				CLANG_WARN_INT_CONVERSION = YES;
				CLANG_WARN_OBJC_ROOT_CLASS = YES_ERROR;
				CLANG_WARN_UNREACHABLE_CODE = YES;
				CLANG_WARN__DUPLICATE_METHOD_MATCH = YES;
				"CODE_SIGN_IDENTITY[sdk=iphoneos*]" = "iPhone Developer";
				COPY_PHASE_STRIP = NO;
				DEBUG_INFORMATION_FORMAT = dwarf;
				ENABLE_STRICT_OBJC_MSGSEND = YES;
				ENABLE_TESTABILITY = YES;
				GCC_C_LANGUAGE_STANDARD = gnu99;
				GCC_DYNAMIC_NO_PIC = NO;
				GCC_NO_COMMON_BLOCKS = YES;
				GCC_OPTIMIZATION_LEVEL = 0;
				GCC_PREPROCESSOR_DEFINITIONS = (
					"DEBUG=1",
					"$(inherited)",
				);
				GCC_WARN_64_TO_32_BIT_CONVERSION = YES;
				GCC_WARN_ABOUT_RETURN_TYPE = YES_ERROR;
				GCC_WARN_UNDECLARED_SELECTOR = YES;
				GCC_WARN_UNINITIALIZED_AUTOS = YES_AGGRESSIVE;
				GCC_WARN_UNUSED_FUNCTION = YES;
				GCC_WARN_UNUSED_VARIABLE = YES;
				IPHONEOS_DEPLOYMENT_TARGET = 9.2;
				MTL_ENABLE_DEBUG_INFO = YES;
				ONLY_ACTIVE_ARCH = YES;
				SDKROOT = iphoneos;
			};
			name = Debug;
		};
		0AB6C1031C75658B00BCC4A4 /* Release */ = {
			isa = XCBuildConfiguration;
			buildSettings = {
				ALWAYS_SEARCH_USER_PATHS = NO;
				CLANG_CXX_LANGUAGE_STANDARD = "gnu++0x";
				CLANG_CXX_LIBRARY = "libc++";
				CLANG_ENABLE_MODULES = YES;
				CLANG_ENABLE_OBJC_ARC = YES;
				CLANG_WARN_BOOL_CONVERSION = YES;
				CLANG_WARN_CONSTANT_CONVERSION = YES;
				CLANG_WARN_DIRECT_OBJC_ISA_USAGE = YES_ERROR;
				CLANG_WARN_EMPTY_BODY = YES;
				CLANG_WARN_ENUM_CONVERSION = YES;
				CLANG_WARN_INT_CONVERSION = YES;
				CLANG_WARN_OBJC_ROOT_CLASS = YES_ERROR;
				CLANG_WARN_UNREACHABLE_CODE = YES;
				CLANG_WARN__DUPLICATE_METHOD_MATCH = YES;
				"CODE_SIGN_IDENTITY[sdk=iphoneos*]" = "iPhone Developer";
				COPY_PHASE_STRIP = NO;
				DEBUG_INFORMATION_FORMAT = "dwarf-with-dsym";
				ENABLE_NS_ASSERTIONS = NO;
				ENABLE_STRICT_OBJC_MSGSEND = YES;
				GCC_C_LANGUAGE_STANDARD = gnu99;
				GCC_NO_COMMON_BLOCKS = YES;
				GCC_WARN_64_TO_32_BIT_CONVERSION = YES;
				GCC_WARN_ABOUT_RETURN_TYPE = YES_ERROR;
				GCC_WARN_UNDECLARED_SELECTOR = YES;
				GCC_WARN_UNINITIALIZED_AUTOS = YES_AGGRESSIVE;
				GCC_WARN_UNUSED_FUNCTION = YES;
				GCC_WARN_UNUSED_VARIABLE = YES;
				IPHONEOS_DEPLOYMENT_TARGET = 9.2;
				MTL_ENABLE_DEBUG_INFO = NO;
				SDKROOT = iphoneos;
				VALIDATE_PRODUCT = YES;
			};
			name = Release;
		};
		0AB6C1051C75658B00BCC4A4 /* Debug */ = {
			isa = XCBuildConfiguration;
			baseConfigurationReference = 53ABE67F66050BEF4F3D2CA4 /* Pods.debug.xcconfig */;
			buildSettings = {
				ASSETCATALOG_COMPILER_APPICON_NAME = AppIcon;
				CODE_SIGN_IDENTITY = "iPhone Developer";
				GCC_PREFIX_HEADER = ChoiceCourseSystem/PrefixHeader.pch;
				INFOPLIST_FILE = ChoiceCourseSystem/Info.plist;
				IPHONEOS_DEPLOYMENT_TARGET = 9.3;
				LD_RUNPATH_SEARCH_PATHS = "$(inherited) @executable_path/Frameworks";
				PRODUCT_BUNDLE_IDENTIFIER = zzm.ChoiceCourseSystem;
				PRODUCT_NAME = "$(TARGET_NAME)";
			};
			name = Debug;
		};
		0AB6C1061C75658B00BCC4A4 /* Release */ = {
			isa = XCBuildConfiguration;
			baseConfigurationReference = 6470E9AF9CFEF7CA71EB5F68 /* Pods.release.xcconfig */;
			buildSettings = {
				ASSETCATALOG_COMPILER_APPICON_NAME = AppIcon;
				CODE_SIGN_IDENTITY = "iPhone Developer";
				GCC_PREFIX_HEADER = ChoiceCourseSystem/PrefixHeader.pch;
				INFOPLIST_FILE = ChoiceCourseSystem/Info.plist;
				IPHONEOS_DEPLOYMENT_TARGET = 9.3;
				LD_RUNPATH_SEARCH_PATHS = "$(inherited) @executable_path/Frameworks";
				PRODUCT_BUNDLE_IDENTIFIER = zzm.ChoiceCourseSystem;
				PRODUCT_NAME = "$(TARGET_NAME)";
			};
			name = Release;
		};
/* End XCBuildConfiguration section */

/* Begin XCConfigurationList section */
		0AB6C0E81C75658B00BCC4A4 /* Build configuration list for PBXProject "ChoiceCourseSystem" */ = {
			isa = XCConfigurationList;
			buildConfigurations = (
				0AB6C1021C75658B00BCC4A4 /* Debug */,
				0AB6C1031C75658B00BCC4A4 /* Release */,
			);
			defaultConfigurationIsVisible = 0;
			defaultConfigurationName = Release;
		};
		0AB6C1041C75658B00BCC4A4 /* Build configuration list for PBXNativeTarget "ChoiceCourseSystem" */ = {
			isa = XCConfigurationList;
			buildConfigurations = (
				0AB6C1051C75658B00BCC4A4 /* Debug */,
				0AB6C1061C75658B00BCC4A4 /* Release */,
			);
			defaultConfigurationIsVisible = 0;
			defaultConfigurationName = Release;
		};
/* End XCConfigurationList section */
	};
	rootObject = 0AB6C0E51C75658B00BCC4A4 /* Project object */;
}
